
Microsoft Visual Studio Solution File, Format Version 12.00
# Visual Studio Version 16
VisualStudioVersion = 16.0.31911.196
MinimumVisualStudioVersion = 10.0.40219.1
Project("{FAE04EC0-301F-11D3-BF4B-00C04F79EFBC}") = "Aula007", "Aula007\Aula007.csproj", "{27AEFD08-467F-41D4-B925-5881DB0D6921}"
EndProject
Global
	GlobalSection(SolutionConfigurationPlatforms) = preSolution
		Debug|Any CPU = Debug|Any CPU
		Release|Any CPU = Release|Any CPU
	EndGlobalSection
	GlobalSection(ProjectConfigurationPlatforms) = postSolution
		{27AEFD08-467F-41D4-B925-5881DB0D6921}.Debug|Any CPU.ActiveCfg = Debug|Any CPU
		{27AEFD08-467F-41D4-B925-5881DB0D6921}.Debug|Any CPU.Build.0 = Debug|Any CPU
		{27AEFD08-467F-41D4-B925-5881DB0D6921}.Release|Any CPU.ActiveCfg = Release|Any CPU
		{27AEFD08-467F-41D4-B925-5881DB0D6921}.Release|Any CPU.Build.0 = Release|Any CPU
	EndGlobalSection
	GlobalSection(SolutionProperties) = preSolution
		HideSolutionNode = FALSE
	EndGlobalSection
	GlobalSection(ExtensibilityGlobals) = postSolution
		SolutionGuid = {288CEE28-5E41-40C2-B985-94BB08CF04DA}
	EndGlobalSection
EndGlobal
