
Microsoft Visual Studio Solution File, Format Version 12.00
# Visual Studio Version 16
VisualStudioVersion = 16.0.31911.196
MinimumVisualStudioVersion = 10.0.40219.1
Project("{FAE04EC0-301F-11D3-BF4B-00C04F79EFBC}") = "Aula3", "Aula3\Aula3.csproj", "{BC659E02-ABA7-43B8-B7A1-772921FB09F0}"
EndProject
Project("{9A19103F-16F7-4668-BE54-9A1E7A4F7556}") = "ExemploComboBox", "ExemploComboBox\ExemploComboBox.csproj", "{E071CD69-1536-42F8-A390-20BD227CA550}"
EndProject
Project("{FAE04EC0-301F-11D3-BF4B-00C04F79EFBC}") = "Desafio1_Triangulo", "Desafio1_Triangulo\Desafio1_Triangulo.csproj", "{3191EE4F-760F-4AA0-86C1-1A89375F9D46}"
EndProject
Global
	GlobalSection(SolutionConfigurationPlatforms) = preSolution
		Debug|Any CPU = Debug|Any CPU
		Release|Any CPU = Release|Any CPU
	EndGlobalSection
	GlobalSection(ProjectConfigurationPlatforms) = postSolution
		{BC659E02-ABA7-43B8-B7A1-772921FB09F0}.Debug|Any CPU.ActiveCfg = Debug|Any CPU
		{BC659E02-ABA7-43B8-B7A1-772921FB09F0}.Debug|Any CPU.Build.0 = Debug|Any CPU
		{BC659E02-ABA7-43B8-B7A1-772921FB09F0}.Release|Any CPU.ActiveCfg = Release|Any CPU
		{BC659E02-ABA7-43B8-B7A1-772921FB09F0}.Release|Any CPU.Build.0 = Release|Any CPU
		{E071CD69-1536-42F8-A390-20BD227CA550}.Debug|Any CPU.ActiveCfg = Debug|Any CPU
		{E071CD69-1536-42F8-A390-20BD227CA550}.Debug|Any CPU.Build.0 = Debug|Any CPU
		{E071CD69-1536-42F8-A390-20BD227CA550}.Release|Any CPU.ActiveCfg = Release|Any CPU
		{E071CD69-1536-42F8-A390-20BD227CA550}.Release|Any CPU.Build.0 = Release|Any CPU
		{3191EE4F-760F-4AA0-86C1-1A89375F9D46}.Debug|Any CPU.ActiveCfg = Debug|Any CPU
		{3191EE4F-760F-4AA0-86C1-1A89375F9D46}.Debug|Any CPU.Build.0 = Debug|Any CPU
		{3191EE4F-760F-4AA0-86C1-1A89375F9D46}.Release|Any CPU.ActiveCfg = Release|Any CPU
		{3191EE4F-760F-4AA0-86C1-1A89375F9D46}.Release|Any CPU.Build.0 = Release|Any CPU
	EndGlobalSection
	GlobalSection(SolutionProperties) = preSolution
		HideSolutionNode = FALSE
	EndGlobalSection
	GlobalSection(ExtensibilityGlobals) = postSolution
		SolutionGuid = {9C656904-B4F8-4926-ADD8-D05333792758}
	EndGlobalSection
EndGlobal
