
Microsoft Visual Studio Solution File, Format Version 12.00
# Visual Studio Version 16
VisualStudioVersion = 16.0.31911.196
MinimumVisualStudioVersion = 10.0.40219.1
Project("{FAE04EC0-301F-11D3-BF4B-00C04F79EFBC}") = "Km", "Km\Km.csproj", "{7E9A6B57-7BA2-4BF5-A388-E32AD7C3F103}"
EndProject
Global
	GlobalSection(SolutionConfigurationPlatforms) = preSolution
		Debug|Any CPU = Debug|Any CPU
		Release|Any CPU = Release|Any CPU
	EndGlobalSection
	GlobalSection(ProjectConfigurationPlatforms) = postSolution
		{7E9A6B57-7BA2-4BF5-A388-E32AD7C3F103}.Debug|Any CPU.ActiveCfg = Debug|Any CPU
		{7E9A6B57-7BA2-4BF5-A388-E32AD7C3F103}.Debug|Any CPU.Build.0 = Debug|Any CPU
		{7E9A6B57-7BA2-4BF5-A388-E32AD7C3F103}.Release|Any CPU.ActiveCfg = Release|Any CPU
		{7E9A6B57-7BA2-4BF5-A388-E32AD7C3F103}.Release|Any CPU.Build.0 = Release|Any CPU
	EndGlobalSection
	GlobalSection(SolutionProperties) = preSolution
		HideSolutionNode = FALSE
	EndGlobalSection
	GlobalSection(ExtensibilityGlobals) = postSolution
		SolutionGuid = {3F6F004D-885E-4411-99DA-0AA97D0CC939}
	EndGlobalSection
EndGlobal
