
Microsoft Visual Studio Solution File, Format Version 12.00
# Visual Studio Version 16
VisualStudioVersion = 16.0.31911.196
MinimumVisualStudioVersion = 10.0.40219.1
Project("{FAE04EC0-301F-11D3-BF4B-00C04F79EFBC}") = "LivrariaHeranca", "LivrariaHeranca\LivrariaHeranca.csproj", "{EF8A0C10-4A72-4947-896E-97FF2586D18B}"
EndProject
Project("{FAE04EC0-301F-11D3-BF4B-00C04F79EFBC}") = "Sobrecarga", "Sobrecarga\Sobrecarga.csproj", "{2E44D891-327D-44ED-A3AF-358DC6D1A206}"
EndProject
Global
	GlobalSection(SolutionConfigurationPlatforms) = preSolution
		Debug|Any CPU = Debug|Any CPU
		Release|Any CPU = Release|Any CPU
	EndGlobalSection
	GlobalSection(ProjectConfigurationPlatforms) = postSolution
		{EF8A0C10-4A72-4947-896E-97FF2586D18B}.Debug|Any CPU.ActiveCfg = Debug|Any CPU
		{EF8A0C10-4A72-4947-896E-97FF2586D18B}.Debug|Any CPU.Build.0 = Debug|Any CPU
		{EF8A0C10-4A72-4947-896E-97FF2586D18B}.Release|Any CPU.ActiveCfg = Release|Any CPU
		{EF8A0C10-4A72-4947-896E-97FF2586D18B}.Release|Any CPU.Build.0 = Release|Any CPU
		{2E44D891-327D-44ED-A3AF-358DC6D1A206}.Debug|Any CPU.ActiveCfg = Debug|Any CPU
		{2E44D891-327D-44ED-A3AF-358DC6D1A206}.Debug|Any CPU.Build.0 = Debug|Any CPU
		{2E44D891-327D-44ED-A3AF-358DC6D1A206}.Release|Any CPU.ActiveCfg = Release|Any CPU
		{2E44D891-327D-44ED-A3AF-358DC6D1A206}.Release|Any CPU.Build.0 = Release|Any CPU
	EndGlobalSection
	GlobalSection(SolutionProperties) = preSolution
		HideSolutionNode = FALSE
	EndGlobalSection
	GlobalSection(ExtensibilityGlobals) = postSolution
		SolutionGuid = {288CEE28-5E41-40C2-B985-94BB08CF04DA}
	EndGlobalSection
EndGlobal
